// !$*UTF8*$!
{
	archiveVersion = 1;
	classes = {
	};
	objectVersion = 50;
	objects = {

/* Begin PBXBuildFile section */
		9D01C53E258B3DCA00982550 /* DeckInfoViewController.swift in Sources */ = {isa = PBXBuildFile; fileRef = 9D01C53D258B3DCA00982550 /* DeckInfoViewController.swift */; };
		9D11C923258C03C700B45793 /* EditDeckViewController.swift in Sources */ = {isa = PBXBuildFile; fileRef = 9D11C91C258C03C600B45793 /* EditDeckViewController.swift */; };
		9D1A65FA255472AF007C2C09 /* UserViewController.swift in Sources */ = {isa = PBXBuildFile; fileRef = 9D1A65F9255472AF007C2C09 /* UserViewController.swift */; };
		9D3473AD25940983008A9998 /* CardDelegate.swift in Sources */ = {isa = PBXBuildFile; fileRef = 9D3473AC25940983008A9998 /* CardDelegate.swift */; };
		9D3473B225940EC7008A9998 /* FlashcardsOptionsViewController.swift in Sources */ = {isa = PBXBuildFile; fileRef = 9D3473B125940EC7008A9998 /* FlashcardsOptionsViewController.swift */; };
		9D3A443825A1052C00461467 /* ClassesViewController.swift in Sources */ = {isa = PBXBuildFile; fileRef = 9D3A443725A1052C00461467 /* ClassesViewController.swift */; };
		9D4487CA259A5BD000257D67 /* multipleChoiceCard.xib in Resources */ = {isa = PBXBuildFile; fileRef = 9D4487C9259A5BD000257D67 /* multipleChoiceCard.xib */; };
		9D4487CD259A5EB200257D67 /* multipleChoiceCard.swift in Sources */ = {isa = PBXBuildFile; fileRef = 9D4487CC259A5EB200257D67 /* multipleChoiceCard.swift */; };
		9D491C5B257C14BD00986890 /* AddDeckViewController.swift in Sources */ = {isa = PBXBuildFile; fileRef = 9D491C5A257C14BD00986890 /* AddDeckViewController.swift */; };
		9D5D070E2585480B003235D8 /* deckTitle.xib in Resources */ = {isa = PBXBuildFile; fileRef = 9D5D070D2585480B003235D8 /* deckTitle.xib */; };
		9D5D071125854838003235D8 /* deckTitle.swift in Sources */ = {isa = PBXBuildFile; fileRef = 9D5D071025854838003235D8 /* deckTitle.swift */; };
		9D5D071625855162003235D8 /* deckControlPanel.xib in Resources */ = {isa = PBXBuildFile; fileRef = 9D5D071525855162003235D8 /* deckControlPanel.xib */; };
		9D5D0719258552A6003235D8 /* deckControlPanel.swift in Sources */ = {isa = PBXBuildFile; fileRef = 9D5D0718258552A6003235D8 /* deckControlPanel.swift */; };
		9D5D071D2585596F003235D8 /* DeckDelegate.swift in Sources */ = {isa = PBXBuildFile; fileRef = 9D5D071C2585596F003235D8 /* DeckDelegate.swift */; };
		9D650E97256A4036007B17AA /* SignUpViewController.swift in Sources */ = {isa = PBXBuildFile; fileRef = 9D650E96256A4036007B17AA /* SignUpViewController.swift */; };
		9D7F06BF2547A011002C8947 /* AppDelegate.swift in Sources */ = {isa = PBXBuildFile; fileRef = 9D7F06BE2547A011002C8947 /* AppDelegate.swift */; };
		9D7F06C12547A011002C8947 /* SceneDelegate.swift in Sources */ = {isa = PBXBuildFile; fileRef = 9D7F06C02547A011002C8947 /* SceneDelegate.swift */; };
		9D7F06C62547A011002C8947 /* Main.storyboard in Resources */ = {isa = PBXBuildFile; fileRef = 9D7F06C42547A011002C8947 /* Main.storyboard */; };
		9D7F06C82547A012002C8947 /* Assets.xcassets in Resources */ = {isa = PBXBuildFile; fileRef = 9D7F06C72547A012002C8947 /* Assets.xcassets */; };
		9D7F06CB2547A012002C8947 /* LaunchScreen.storyboard in Resources */ = {isa = PBXBuildFile; fileRef = 9D7F06C92547A012002C8947 /* LaunchScreen.storyboard */; };
		9D7F06D52547A794002C8947 /* WriteViewController.swift in Sources */ = {isa = PBXBuildFile; fileRef = 9D7F06D42547A794002C8947 /* WriteViewController.swift */; };
		9D7F06D92547B573002C8947 /* OCRController.swift in Sources */ = {isa = PBXBuildFile; fileRef = 9D7F06D82547B573002C8947 /* OCRController.swift */; };
		9D88E62225A5232F004FD1E5 /* JoinClassViewController.swift in Sources */ = {isa = PBXBuildFile; fileRef = 9D88E62125A5232F004FD1E5 /* JoinClassViewController.swift */; };
		9D88E62525A57570004FD1E5 /* CreateClassViewController.swift in Sources */ = {isa = PBXBuildFile; fileRef = 9D88E62425A57570004FD1E5 /* CreateClassViewController.swift */; };
		9D8EE1B725981BD90083A944 /* ocrView.xib in Resources */ = {isa = PBXBuildFile; fileRef = 9D8EE1B625981BD90083A944 /* ocrView.xib */; };
		9D8EE1BA25981FC80083A944 /* ocrView.swift in Sources */ = {isa = PBXBuildFile; fileRef = 9D8EE1B925981FC80083A944 /* ocrView.swift */; };
		9D9052C42596B84A00D022DF /* backCard.xib in Resources */ = {isa = PBXBuildFile; fileRef = 9D9052C32596B84A00D022DF /* backCard.xib */; };
		9D9052C72596B86000D022DF /* backCard.swift in Sources */ = {isa = PBXBuildFile; fileRef = 9D9052C62596B86000D022DF /* backCard.swift */; };
		9DA40A482592E1610019E814 /* frontCard.xib in Resources */ = {isa = PBXBuildFile; fileRef = 9DA40A472592E1610019E814 /* frontCard.xib */; };
		9DA40A4B2592E2A00019E814 /* frontCard.swift in Sources */ = {isa = PBXBuildFile; fileRef = 9DA40A4A2592E2A00019E814 /* frontCard.swift */; };
		9DA40A4E259322320019E814 /* FlashcardsViewController.swift in Sources */ = {isa = PBXBuildFile; fileRef = 9DA40A4D259322320019E814 /* FlashcardsViewController.swift */; };
		9DA8E7672599448A00B05016 /* OCRDelegate.swift in Sources */ = {isa = PBXBuildFile; fileRef = 9DA8E7662599448A00B05016 /* OCRDelegate.swift */; };
		9DA8E76D2599530600B05016 /* Structs.swift in Sources */ = {isa = PBXBuildFile; fileRef = 9DA8E76C2599530600B05016 /* Structs.swift */; };
		9DC857FD2569E2AE00EA00F9 /* HomeViewController.swift in Sources */ = {isa = PBXBuildFile; fileRef = 9DC857FC2569E2AE00EA00F9 /* HomeViewController.swift */; };
		9DCDBBAE25802E6E00D62F4B /* deckItem.xib in Resources */ = {isa = PBXBuildFile; fileRef = 9DCDBBAD25802E6E00D62F4B /* deckItem.xib */; };
		9DCDBBB12580353500D62F4B /* deckItem.swift in Sources */ = {isa = PBXBuildFile; fileRef = 9DCDBBB02580353500D62F4B /* deckItem.swift */; };
		9DEC4EEE255099FA0027763F /* SignInViewController.swift in Sources */ = {isa = PBXBuildFile; fileRef = 9DEC4EED255099FA0027763F /* SignInViewController.swift */; };
		9DF8870B2550A059000A777A /* GlobalData.swift in Sources */ = {isa = PBXBuildFile; fileRef = 9DF8870A2550A059000A777A /* GlobalData.swift */; };
		9DFA4E2C259D339100D1BFE5 /* SummaryViewController.swift in Sources */ = {isa = PBXBuildFile; fileRef = 9DFA4E2B259D339100D1BFE5 /* SummaryViewController.swift */; };
/* End PBXBuildFile section */

/* Begin PBXFileReference section */
		9D01C53D258B3DCA00982550 /* DeckInfoViewController.swift */ = {isa = PBXFileReference; lastKnownFileType = sourcecode.swift; path = DeckInfoViewController.swift; sourceTree = "<group>"; };
		9D11C91C258C03C600B45793 /* EditDeckViewController.swift */ = {isa = PBXFileReference; fileEncoding = 4; lastKnownFileType = sourcecode.swift; path = EditDeckViewController.swift; sourceTree = "<group>"; };
		9D1A65F9255472AF007C2C09 /* UserViewController.swift */ = {isa = PBXFileReference; lastKnownFileType = sourcecode.swift; path = UserViewController.swift; sourceTree = "<group>"; };
		9D3473AC25940983008A9998 /* CardDelegate.swift */ = {isa = PBXFileReference; lastKnownFileType = sourcecode.swift; path = CardDelegate.swift; sourceTree = "<group>"; };
		9D3473B125940EC7008A9998 /* FlashcardsOptionsViewController.swift */ = {isa = PBXFileReference; lastKnownFileType = sourcecode.swift; path = FlashcardsOptionsViewController.swift; sourceTree = "<group>"; };
		9D3A443725A1052C00461467 /* ClassesViewController.swift */ = {isa = PBXFileReference; lastKnownFileType = sourcecode.swift; path = ClassesViewController.swift; sourceTree = "<group>"; };
		9D4487C9259A5BD000257D67 /* multipleChoiceCard.xib */ = {isa = PBXFileReference; lastKnownFileType = file.xib; path = multipleChoiceCard.xib; sourceTree = "<group>"; };
		9D4487CC259A5EB200257D67 /* multipleChoiceCard.swift */ = {isa = PBXFileReference; lastKnownFileType = sourcecode.swift; path = multipleChoiceCard.swift; sourceTree = "<group>"; };
		9D491C5A257C14BD00986890 /* AddDeckViewController.swift */ = {isa = PBXFileReference; lastKnownFileType = sourcecode.swift; path = AddDeckViewController.swift; sourceTree = "<group>"; };
		9D5D070D2585480B003235D8 /* deckTitle.xib */ = {isa = PBXFileReference; lastKnownFileType = file.xib; path = deckTitle.xib; sourceTree = "<group>"; };
		9D5D071025854838003235D8 /* deckTitle.swift */ = {isa = PBXFileReference; lastKnownFileType = sourcecode.swift; path = deckTitle.swift; sourceTree = "<group>"; };
		9D5D071525855162003235D8 /* deckControlPanel.xib */ = {isa = PBXFileReference; lastKnownFileType = file.xib; path = deckControlPanel.xib; sourceTree = "<group>"; };
		9D5D0718258552A6003235D8 /* deckControlPanel.swift */ = {isa = PBXFileReference; lastKnownFileType = sourcecode.swift; path = deckControlPanel.swift; sourceTree = "<group>"; };
		9D5D071C2585596F003235D8 /* DeckDelegate.swift */ = {isa = PBXFileReference; lastKnownFileType = sourcecode.swift; path = DeckDelegate.swift; sourceTree = "<group>"; };
		9D650E96256A4036007B17AA /* SignUpViewController.swift */ = {isa = PBXFileReference; lastKnownFileType = sourcecode.swift; path = SignUpViewController.swift; sourceTree = "<group>"; };
		9D7F06BB2547A011002C8947 /* jadeocr.app */ = {isa = PBXFileReference; explicitFileType = wrapper.application; includeInIndex = 0; path = jadeocr.app; sourceTree = BUILT_PRODUCTS_DIR; };
		9D7F06BE2547A011002C8947 /* AppDelegate.swift */ = {isa = PBXFileReference; lastKnownFileType = sourcecode.swift; path = AppDelegate.swift; sourceTree = "<group>"; };
		9D7F06C02547A011002C8947 /* SceneDelegate.swift */ = {isa = PBXFileReference; lastKnownFileType = sourcecode.swift; path = SceneDelegate.swift; sourceTree = "<group>"; };
		9D7F06C52547A011002C8947 /* Base */ = {isa = PBXFileReference; lastKnownFileType = file.storyboard; name = Base; path = Base.lproj/Main.storyboard; sourceTree = "<group>"; };
		9D7F06C72547A012002C8947 /* Assets.xcassets */ = {isa = PBXFileReference; lastKnownFileType = folder.assetcatalog; path = Assets.xcassets; sourceTree = "<group>"; };
		9D7F06CA2547A012002C8947 /* Base */ = {isa = PBXFileReference; lastKnownFileType = file.storyboard; name = Base; path = Base.lproj/LaunchScreen.storyboard; sourceTree = "<group>"; };
		9D7F06CC2547A012002C8947 /* Info.plist */ = {isa = PBXFileReference; lastKnownFileType = text.plist.xml; path = Info.plist; sourceTree = "<group>"; };
		9D7F06D42547A794002C8947 /* WriteViewController.swift */ = {isa = PBXFileReference; lastKnownFileType = sourcecode.swift; path = WriteViewController.swift; sourceTree = "<group>"; };
		9D7F06D82547B573002C8947 /* OCRController.swift */ = {isa = PBXFileReference; lastKnownFileType = sourcecode.swift; path = OCRController.swift; sourceTree = "<group>"; };
		9D88E62125A5232F004FD1E5 /* JoinClassViewController.swift */ = {isa = PBXFileReference; lastKnownFileType = sourcecode.swift; path = JoinClassViewController.swift; sourceTree = "<group>"; };
		9D88E62425A57570004FD1E5 /* CreateClassViewController.swift */ = {isa = PBXFileReference; lastKnownFileType = sourcecode.swift; path = CreateClassViewController.swift; sourceTree = "<group>"; };
		9D8EE1B625981BD90083A944 /* ocrView.xib */ = {isa = PBXFileReference; lastKnownFileType = file.xib; path = ocrView.xib; sourceTree = "<group>"; };
		9D8EE1B925981FC80083A944 /* ocrView.swift */ = {isa = PBXFileReference; lastKnownFileType = sourcecode.swift; path = ocrView.swift; sourceTree = "<group>"; };
		9D9052C32596B84A00D022DF /* backCard.xib */ = {isa = PBXFileReference; lastKnownFileType = file.xib; path = backCard.xib; sourceTree = "<group>"; };
		9D9052C62596B86000D022DF /* backCard.swift */ = {isa = PBXFileReference; lastKnownFileType = sourcecode.swift; path = backCard.swift; sourceTree = "<group>"; };
		9DA40A472592E1610019E814 /* frontCard.xib */ = {isa = PBXFileReference; lastKnownFileType = file.xib; path = frontCard.xib; sourceTree = "<group>"; };
		9DA40A4A2592E2A00019E814 /* frontCard.swift */ = {isa = PBXFileReference; lastKnownFileType = sourcecode.swift; path = frontCard.swift; sourceTree = "<group>"; };
		9DA40A4D259322320019E814 /* FlashcardsViewController.swift */ = {isa = PBXFileReference; lastKnownFileType = sourcecode.swift; path = FlashcardsViewController.swift; sourceTree = "<group>"; };
		9DA8E7662599448A00B05016 /* OCRDelegate.swift */ = {isa = PBXFileReference; lastKnownFileType = sourcecode.swift; path = OCRDelegate.swift; sourceTree = "<group>"; };
		9DA8E76C2599530600B05016 /* Structs.swift */ = {isa = PBXFileReference; lastKnownFileType = sourcecode.swift; path = Structs.swift; sourceTree = "<group>"; };
		9DC857FC2569E2AE00EA00F9 /* HomeViewController.swift */ = {isa = PBXFileReference; lastKnownFileType = sourcecode.swift; path = HomeViewController.swift; sourceTree = "<group>"; };
		9DCDBBAD25802E6E00D62F4B /* deckItem.xib */ = {isa = PBXFileReference; lastKnownFileType = file.xib; path = deckItem.xib; sourceTree = "<group>"; };
		9DCDBBB02580353500D62F4B /* deckItem.swift */ = {isa = PBXFileReference; lastKnownFileType = sourcecode.swift; path = deckItem.swift; sourceTree = "<group>"; };
		9DEC4EED255099FA0027763F /* SignInViewController.swift */ = {isa = PBXFileReference; lastKnownFileType = sourcecode.swift; path = SignInViewController.swift; sourceTree = "<group>"; };
		9DF8870A2550A059000A777A /* GlobalData.swift */ = {isa = PBXFileReference; lastKnownFileType = sourcecode.swift; path = GlobalData.swift; sourceTree = "<group>"; };
		9DFA4E2B259D339100D1BFE5 /* SummaryViewController.swift */ = {isa = PBXFileReference; lastKnownFileType = sourcecode.swift; path = SummaryViewController.swift; sourceTree = "<group>"; };
/* End PBXFileReference section */

/* Begin PBXFrameworksBuildPhase section */
		9D7F06B82547A011002C8947 /* Frameworks */ = {
			isa = PBXFrameworksBuildPhase;
			buildActionMask = 2147483647;
			files = (
			);
			runOnlyForDeploymentPostprocessing = 0;
		};
/* End PBXFrameworksBuildPhase section */

/* Begin PBXGroup section */
		9D01C537258AD5FD00982550 /* Deck Info */ = {
			isa = PBXGroup;
			children = (
				9D01C53D258B3DCA00982550 /* DeckInfoViewController.swift */,
			);
			path = "Deck Info";
			sourceTree = "<group>";
		};
		9D2D82DE25771BB3004FD541 /* Home */ = {
			isa = PBXGroup;
			children = (
				9DEC4EED255099FA0027763F /* SignInViewController.swift */,
				9D1A65F9255472AF007C2C09 /* UserViewController.swift */,
				9DC857FC2569E2AE00EA00F9 /* HomeViewController.swift */,
				9D650E96256A4036007B17AA /* SignUpViewController.swift */,
			);
			path = Home;
			sourceTree = "<group>";
		};
		9D2D82E025771BE9004FD541 /* OCR */ = {
			isa = PBXGroup;
			children = (
				9D7F06D42547A794002C8947 /* WriteViewController.swift */,
				9D7F06D82547B573002C8947 /* OCRController.swift */,
				9D8EE1B625981BD90083A944 /* ocrView.xib */,
				9D8EE1B925981FC80083A944 /* ocrView.swift */,
			);
			path = OCR;
			sourceTree = "<group>";
		};
		9D3473AF25940E5D008A9998 /* Flashcards */ = {
			isa = PBXGroup;
			children = (
				9D3473B125940EC7008A9998 /* FlashcardsOptionsViewController.swift */,
				9DA40A4D259322320019E814 /* FlashcardsViewController.swift */,
				9DFA4E2B259D339100D1BFE5 /* SummaryViewController.swift */,
			);
			path = Flashcards;
			sourceTree = "<group>";
		};
		9D3A443625A1051500461467 /* Classes */ = {
			isa = PBXGroup;
			children = (
				9D3A443725A1052C00461467 /* ClassesViewController.swift */,
				9D88E62125A5232F004FD1E5 /* JoinClassViewController.swift */,
				9D88E62425A57570004FD1E5 /* CreateClassViewController.swift */,
			);
			path = Classes;
			sourceTree = "<group>";
		};
		9D491C59257C149000986890 /* Create and Edit Decks */ = {
			isa = PBXGroup;
			children = (
				9D491C5A257C14BD00986890 /* AddDeckViewController.swift */,
				9D11C91C258C03C600B45793 /* EditDeckViewController.swift */,
				9D5D070D2585480B003235D8 /* deckTitle.xib */,
				9D5D071025854838003235D8 /* deckTitle.swift */,
				9DCDBBAD25802E6E00D62F4B /* deckItem.xib */,
				9DCDBBB02580353500D62F4B /* deckItem.swift */,
				9D5D071525855162003235D8 /* deckControlPanel.xib */,
				9D5D0718258552A6003235D8 /* deckControlPanel.swift */,
			);
			path = "Create and Edit Decks";
			sourceTree = "<group>";
		};
		9D5D071B25855937003235D8 /* Delegates */ = {
			isa = PBXGroup;
			children = (
				9D5D071C2585596F003235D8 /* DeckDelegate.swift */,
				9D3473AC25940983008A9998 /* CardDelegate.swift */,
				9DA8E7662599448A00B05016 /* OCRDelegate.swift */,
			);
			path = Delegates;
			sourceTree = "<group>";
		};
		9D7044DC254B6C6B007A8F21 /* Controllers */ = {
			isa = PBXGroup;
			children = (
				9D3A443625A1051500461467 /* Classes */,
				9D3473AF25940E5D008A9998 /* Flashcards */,
				9DA40A462592E13E0019E814 /* Cards */,
				9D01C537258AD5FD00982550 /* Deck Info */,
				9D491C59257C149000986890 /* Create and Edit Decks */,
				9D2D82E025771BE9004FD541 /* OCR */,
				9D2D82DE25771BB3004FD541 /* Home */,
			);
			path = Controllers;
			sourceTree = "<group>";
		};
		9D7F06B22547A010002C8947 = {
			isa = PBXGroup;
			children = (
				9D7F06BD2547A011002C8947 /* jadeocr */,
				9D7F06BC2547A011002C8947 /* Products */,
			);
			sourceTree = "<group>";
		};
		9D7F06BC2547A011002C8947 /* Products */ = {
			isa = PBXGroup;
			children = (
				9D7F06BB2547A011002C8947 /* jadeocr.app */,
			);
			name = Products;
			sourceTree = "<group>";
		};
		9D7F06BD2547A011002C8947 /* jadeocr */ = {
			isa = PBXGroup;
			children = (
				9D7044DC254B6C6B007A8F21 /* Controllers */,
				9D5D071B25855937003235D8 /* Delegates */,
				9DF8870A2550A059000A777A /* GlobalData.swift */,
				9DA8E76C2599530600B05016 /* Structs.swift */,
				9D7F06BE2547A011002C8947 /* AppDelegate.swift */,
				9D7F06C02547A011002C8947 /* SceneDelegate.swift */,
				9D7F06C42547A011002C8947 /* Main.storyboard */,
				9D7F06C72547A012002C8947 /* Assets.xcassets */,
				9D7F06C92547A012002C8947 /* LaunchScreen.storyboard */,
				9D7F06CC2547A012002C8947 /* Info.plist */,
			);
			path = jadeocr;
			sourceTree = "<group>";
		};
		9DA40A462592E13E0019E814 /* Cards */ = {
			isa = PBXGroup;
			children = (
				9DA40A472592E1610019E814 /* frontCard.xib */,
				9DA40A4A2592E2A00019E814 /* frontCard.swift */,
				9D9052C32596B84A00D022DF /* backCard.xib */,
				9D9052C62596B86000D022DF /* backCard.swift */,
				9D4487C9259A5BD000257D67 /* multipleChoiceCard.xib */,
				9D4487CC259A5EB200257D67 /* multipleChoiceCard.swift */,
			);
			path = Cards;
			sourceTree = "<group>";
		};
/* End PBXGroup section */

/* Begin PBXNativeTarget section */
		9D7F06BA2547A011002C8947 /* jadeocr */ = {
			isa = PBXNativeTarget;
			buildConfigurationList = 9D7F06CF2547A012002C8947 /* Build configuration list for PBXNativeTarget "jadeocr" */;
			buildPhases = (
				9D7F06B72547A011002C8947 /* Sources */,
				9D7F06B82547A011002C8947 /* Frameworks */,
				9D7F06B92547A011002C8947 /* Resources */,
			);
			buildRules = (
			);
			dependencies = (
			);
			name = jadeocr;
			productName = drawing;
			productReference = 9D7F06BB2547A011002C8947 /* jadeocr.app */;
			productType = "com.apple.product-type.application";
		};
/* End PBXNativeTarget section */

/* Begin PBXProject section */
		9D7F06B32547A010002C8947 /* Project object */ = {
			isa = PBXProject;
			attributes = {
				LastSwiftUpdateCheck = 1210;
				LastUpgradeCheck = 1210;
				TargetAttributes = {
					9D7F06BA2547A011002C8947 = {
						CreatedOnToolsVersion = 12.1;
					};
				};
			};
			buildConfigurationList = 9D7F06B62547A010002C8947 /* Build configuration list for PBXProject "jadeocr" */;
			compatibilityVersion = "Xcode 9.3";
			developmentRegion = en;
			hasScannedForEncodings = 0;
			knownRegions = (
				en,
				Base,
			);
			mainGroup = 9D7F06B22547A010002C8947;
			productRefGroup = 9D7F06BC2547A011002C8947 /* Products */;
			projectDirPath = "";
			projectRoot = "";
			targets = (
				9D7F06BA2547A011002C8947 /* jadeocr */,
			);
		};
/* End PBXProject section */

/* Begin PBXResourcesBuildPhase section */
		9D7F06B92547A011002C8947 /* Resources */ = {
			isa = PBXResourcesBuildPhase;
			buildActionMask = 2147483647;
			files = (
				9D9052C42596B84A00D022DF /* backCard.xib in Resources */,
				9D5D071625855162003235D8 /* deckControlPanel.xib in Resources */,
				9DCDBBAE25802E6E00D62F4B /* deckItem.xib in Resources */,
				9D5D070E2585480B003235D8 /* deckTitle.xib in Resources */,
				9D7F06CB2547A012002C8947 /* LaunchScreen.storyboard in Resources */,
				9D7F06C82547A012002C8947 /* Assets.xcassets in Resources */,
				9D4487CA259A5BD000257D67 /* multipleChoiceCard.xib in Resources */,
				9DA40A482592E1610019E814 /* frontCard.xib in Resources */,
				9D8EE1B725981BD90083A944 /* ocrView.xib in Resources */,
				9D7F06C62547A011002C8947 /* Main.storyboard in Resources */,
			);
			runOnlyForDeploymentPostprocessing = 0;
		};
/* End PBXResourcesBuildPhase section */

/* Begin PBXSourcesBuildPhase section */
		9D7F06B72547A011002C8947 /* Sources */ = {
			isa = PBXSourcesBuildPhase;
			buildActionMask = 2147483647;
			files = (
				9DA8E76D2599530600B05016 /* Structs.swift in Sources */,
				9DFA4E2C259D339100D1BFE5 /* SummaryViewController.swift in Sources */,
				9D5D071D2585596F003235D8 /* DeckDelegate.swift in Sources */,
				9D88E62525A57570004FD1E5 /* CreateClassViewController.swift in Sources */,
				9D8EE1BA25981FC80083A944 /* ocrView.swift in Sources */,
				9D491C5B257C14BD00986890 /* AddDeckViewController.swift in Sources */,
				9D1A65FA255472AF007C2C09 /* UserViewController.swift in Sources */,
				9DA8E7672599448A00B05016 /* OCRDelegate.swift in Sources */,
				9D5D071125854838003235D8 /* deckTitle.swift in Sources */,
				9D3473B225940EC7008A9998 /* FlashcardsOptionsViewController.swift in Sources */,
				9D01C53E258B3DCA00982550 /* DeckInfoViewController.swift in Sources */,
				9D650E97256A4036007B17AA /* SignUpViewController.swift in Sources */,
				9DEC4EEE255099FA0027763F /* SignInViewController.swift in Sources */,
				9DA40A4B2592E2A00019E814 /* frontCard.swift in Sources */,
				9D3A443825A1052C00461467 /* ClassesViewController.swift in Sources */,
				9D11C923258C03C700B45793 /* EditDeckViewController.swift in Sources */,
				9D7F06D52547A794002C8947 /* WriteViewController.swift in Sources */,
				9D3473AD25940983008A9998 /* CardDelegate.swift in Sources */,
				9D88E62225A5232F004FD1E5 /* JoinClassViewController.swift in Sources */,
				9D7F06D92547B573002C8947 /* OCRController.swift in Sources */,
				9D4487CD259A5EB200257D67 /* multipleChoiceCard.swift in Sources */,
				9D7F06BF2547A011002C8947 /* AppDelegate.swift in Sources */,
				9DC857FD2569E2AE00EA00F9 /* HomeViewController.swift in Sources */,
				9DCDBBB12580353500D62F4B /* deckItem.swift in Sources */,
				9DF8870B2550A059000A777A /* GlobalData.swift in Sources */,
				9D5D0719258552A6003235D8 /* deckControlPanel.swift in Sources */,
				9DA40A4E259322320019E814 /* FlashcardsViewController.swift in Sources */,
				9D7F06C12547A011002C8947 /* SceneDelegate.swift in Sources */,
				9D9052C72596B86000D022DF /* backCard.swift in Sources */,
			);
			runOnlyForDeploymentPostprocessing = 0;
		};
/* End PBXSourcesBuildPhase section */

/* Begin PBXVariantGroup section */
		9D7F06C42547A011002C8947 /* Main.storyboard */ = {
			isa = PBXVariantGroup;
			children = (
				9D7F06C52547A011002C8947 /* Base */,
			);
			name = Main.storyboard;
			sourceTree = "<group>";
		};
		9D7F06C92547A012002C8947 /* LaunchScreen.storyboard */ = {
			isa = PBXVariantGroup;
			children = (
				9D7F06CA2547A012002C8947 /* Base */,
			);
			name = LaunchScreen.storyboard;
			sourceTree = "<group>";
		};
/* End PBXVariantGroup section */

/* Begin XCBuildConfiguration section */
		9D7F06CD2547A012002C8947 /* Debug */ = {
			isa = XCBuildConfiguration;
			buildSettings = {
				ALWAYS_SEARCH_USER_PATHS = NO;
				CLANG_ANALYZER_NONNULL = YES;
				CLANG_ANALYZER_NUMBER_OBJECT_CONVERSION = YES_AGGRESSIVE;
				CLANG_CXX_LANGUAGE_STANDARD = "gnu++14";
				CLANG_CXX_LIBRARY = "libc++";
				CLANG_ENABLE_MODULES = YES;
				CLANG_ENABLE_OBJC_ARC = YES;
				CLANG_ENABLE_OBJC_WEAK = YES;
				CLANG_WARN_BLOCK_CAPTURE_AUTORELEASING = YES;
				CLANG_WARN_BOOL_CONVERSION = YES;
				CLANG_WARN_COMMA = YES;
				CLANG_WARN_CONSTANT_CONVERSION = YES;
				CLANG_WARN_DEPRECATED_OBJC_IMPLEMENTATIONS = YES;
				CLANG_WARN_DIRECT_OBJC_ISA_USAGE = YES_ERROR;
				CLANG_WARN_DOCUMENTATION_COMMENTS = YES;
				CLANG_WARN_EMPTY_BODY = YES;
				CLANG_WARN_ENUM_CONVERSION = YES;
				CLANG_WARN_INFINITE_RECURSION = YES;
				CLANG_WARN_INT_CONVERSION = YES;
				CLANG_WARN_NON_LITERAL_NULL_CONVERSION = YES;
				CLANG_WARN_OBJC_IMPLICIT_RETAIN_SELF = YES;
				CLANG_WARN_OBJC_LITERAL_CONVERSION = YES;
				CLANG_WARN_OBJC_ROOT_CLASS = YES_ERROR;
				CLANG_WARN_QUOTED_INCLUDE_IN_FRAMEWORK_HEADER = YES;
				CLANG_WARN_RANGE_LOOP_ANALYSIS = YES;
				CLANG_WARN_STRICT_PROTOTYPES = YES;
				CLANG_WARN_SUSPICIOUS_MOVE = YES;
				CLANG_WARN_UNGUARDED_AVAILABILITY = YES_AGGRESSIVE;
				CLANG_WARN_UNREACHABLE_CODE = YES;
				CLANG_WARN__DUPLICATE_METHOD_MATCH = YES;
				COPY_PHASE_STRIP = NO;
				DEBUG_INFORMATION_FORMAT = dwarf;
				ENABLE_STRICT_OBJC_MSGSEND = YES;
				ENABLE_TESTABILITY = YES;
				GCC_C_LANGUAGE_STANDARD = gnu11;
				GCC_DYNAMIC_NO_PIC = NO;
				GCC_NO_COMMON_BLOCKS = YES;
				GCC_OPTIMIZATION_LEVEL = 0;
				GCC_PREPROCESSOR_DEFINITIONS = (
					"DEBUG=1",
					"$(inherited)",
				);
				GCC_WARN_64_TO_32_BIT_CONVERSION = YES;
				GCC_WARN_ABOUT_RETURN_TYPE = YES_ERROR;
				GCC_WARN_UNDECLARED_SELECTOR = YES;
				GCC_WARN_UNINITIALIZED_AUTOS = YES_AGGRESSIVE;
				GCC_WARN_UNUSED_FUNCTION = YES;
				GCC_WARN_UNUSED_VARIABLE = YES;
				IPHONEOS_DEPLOYMENT_TARGET = 14.0;
				MTL_ENABLE_DEBUG_INFO = INCLUDE_SOURCE;
				MTL_FAST_MATH = YES;
				ONLY_ACTIVE_ARCH = YES;
				SDKROOT = iphoneos;
				SWIFT_ACTIVE_COMPILATION_CONDITIONS = DEBUG;
				SWIFT_OPTIMIZATION_LEVEL = "-Onone";
			};
			name = Debug;
		};
		9D7F06CE2547A012002C8947 /* Release */ = {
			isa = XCBuildConfiguration;
			buildSettings = {
				ALWAYS_SEARCH_USER_PATHS = NO;
				CLANG_ANALYZER_NONNULL = YES;
				CLANG_ANALYZER_NUMBER_OBJECT_CONVERSION = YES_AGGRESSIVE;
				CLANG_CXX_LANGUAGE_STANDARD = "gnu++14";
				CLANG_CXX_LIBRARY = "libc++";
				CLANG_ENABLE_MODULES = YES;
				CLANG_ENABLE_OBJC_ARC = YES;
				CLANG_ENABLE_OBJC_WEAK = YES;
				CLANG_WARN_BLOCK_CAPTURE_AUTORELEASING = YES;
				CLANG_WARN_BOOL_CONVERSION = YES;
				CLANG_WARN_COMMA = YES;
				CLANG_WARN_CONSTANT_CONVERSION = YES;
				CLANG_WARN_DEPRECATED_OBJC_IMPLEMENTATIONS = YES;
				CLANG_WARN_DIRECT_OBJC_ISA_USAGE = YES_ERROR;
				CLANG_WARN_DOCUMENTATION_COMMENTS = YES;
				CLANG_WARN_EMPTY_BODY = YES;
				CLANG_WARN_ENUM_CONVERSION = YES;
				CLANG_WARN_INFINITE_RECURSION = YES;
				CLANG_WARN_INT_CONVERSION = YES;
				CLANG_WARN_NON_LITERAL_NULL_CONVERSION = YES;
				CLANG_WARN_OBJC_IMPLICIT_RETAIN_SELF = YES;
				CLANG_WARN_OBJC_LITERAL_CONVERSION = YES;
				CLANG_WARN_OBJC_ROOT_CLASS = YES_ERROR;
				CLANG_WARN_QUOTED_INCLUDE_IN_FRAMEWORK_HEADER = YES;
				CLANG_WARN_RANGE_LOOP_ANALYSIS = YES;
				CLANG_WARN_STRICT_PROTOTYPES = YES;
				CLANG_WARN_SUSPICIOUS_MOVE = YES;
				CLANG_WARN_UNGUARDED_AVAILABILITY = YES_AGGRESSIVE;
				CLANG_WARN_UNREACHABLE_CODE = YES;
				CLANG_WARN__DUPLICATE_METHOD_MATCH = YES;
				COPY_PHASE_STRIP = NO;
				DEBUG_INFORMATION_FORMAT = "dwarf-with-dsym";
				ENABLE_NS_ASSERTIONS = NO;
				ENABLE_STRICT_OBJC_MSGSEND = YES;
				GCC_C_LANGUAGE_STANDARD = gnu11;
				GCC_NO_COMMON_BLOCKS = YES;
				GCC_WARN_64_TO_32_BIT_CONVERSION = YES;
				GCC_WARN_ABOUT_RETURN_TYPE = YES_ERROR;
				GCC_WARN_UNDECLARED_SELECTOR = YES;
				GCC_WARN_UNINITIALIZED_AUTOS = YES_AGGRESSIVE;
				GCC_WARN_UNUSED_FUNCTION = YES;
				GCC_WARN_UNUSED_VARIABLE = YES;
				IPHONEOS_DEPLOYMENT_TARGET = 14.0;
				MTL_ENABLE_DEBUG_INFO = NO;
				MTL_FAST_MATH = YES;
				SDKROOT = iphoneos;
				SWIFT_COMPILATION_MODE = wholemodule;
				SWIFT_OPTIMIZATION_LEVEL = "-O";
				VALIDATE_PRODUCT = YES;
			};
			name = Release;
		};
		9D7F06D02547A012002C8947 /* Debug */ = {
			isa = XCBuildConfiguration;
			buildSettings = {
				ASSETCATALOG_COMPILER_APPICON_NAME = AppIcon;
				ASSETCATALOG_COMPILER_GLOBAL_ACCENT_COLOR_NAME = AccentColor;
				CODE_SIGN_STYLE = Automatic;
				CURRENT_PROJECT_VERSION = 1.02;
				DEVELOPMENT_TEAM = NNYH6ZLMYG;
				INFOPLIST_FILE = jadeocr/Info.plist;
				IPHONEOS_DEPLOYMENT_TARGET = 14.0;
				LD_RUNPATH_SEARCH_PATHS = (
					"$(inherited)",
					"@executable_path/Frameworks",
				);
				MARKETING_VERSION = 1.02;
				PRODUCT_BUNDLE_IDENTIFIER = com.jadeocr;
				PRODUCT_NAME = "$(TARGET_NAME)";
				SWIFT_VERSION = 5.0;
				TARGETED_DEVICE_FAMILY = "1,2";
			};
			name = Debug;
		};
		9D7F06D12547A012002C8947 /* Release */ = {
			isa = XCBuildConfiguration;
			buildSettings = {
				ASSETCATALOG_COMPILER_APPICON_NAME = AppIcon;
				ASSETCATALOG_COMPILER_GLOBAL_ACCENT_COLOR_NAME = AccentColor;
				CODE_SIGN_STYLE = Automatic;
				CURRENT_PROJECT_VERSION = 1.02;
				DEVELOPMENT_TEAM = NNYH6ZLMYG;
				INFOPLIST_FILE = jadeocr/Info.plist;
				IPHONEOS_DEPLOYMENT_TARGET = 14.0;
				LD_RUNPATH_SEARCH_PATHS = (
					"$(inherited)",
					"@executable_path/Frameworks",
				);
				MARKETING_VERSION = 1.02;
				PRODUCT_BUNDLE_IDENTIFIER = com.jadeocr;
				PRODUCT_NAME = "$(TARGET_NAME)";
				SWIFT_VERSION = 5.0;
				TARGETED_DEVICE_FAMILY = "1,2";
			};
			name = Release;
		};
/* End XCBuildConfiguration section */

/* Begin XCConfigurationList section */
		9D7F06B62547A010002C8947 /* Build configuration list for PBXProject "jadeocr" */ = {
			isa = XCConfigurationList;
			buildConfigurations = (
				9D7F06CD2547A012002C8947 /* Debug */,
				9D7F06CE2547A012002C8947 /* Release */,
			);
			defaultConfigurationIsVisible = 0;
			defaultConfigurationName = Release;
		};
		9D7F06CF2547A012002C8947 /* Build configuration list for PBXNativeTarget "jadeocr" */ = {
			isa = XCConfigurationList;
			buildConfigurations = (
				9D7F06D02547A012002C8947 /* Debug */,
				9D7F06D12547A012002C8947 /* Release */,
			);
			defaultConfigurationIsVisible = 0;
			defaultConfigurationName = Release;
		};
/* End XCConfigurationList section */
	};
	rootObject = 9D7F06B32547A010002C8947 /* Project object */;
}
